{
  "name": "009-novoselam",
  "version": "1.0.0",
  "lockfileVersion": 1,
  "requires": true,
  "dependencies": {
    "bower": {
      "version": "1.8.9",
      "resolved": "https://registry.npmjs.org/bower/-/bower-1.8.9.tgz",
      "integrity": "sha512-10CHDLeFr1adybioNdNnj3ieMMdk4sa23RAD3oeE0o1o7yf3qS7DmCSo2uQZrLEnbCN1qqeWZxOYxv+vWuguuQ==",
      "dev": true
    },
    "gulp": {
      "version": "3.9.1",
      "resolved": "https://registry.npmjs.org/gulp/-/gulp-3.9.1.tgz",
      "integrity": "sha1-VxzkWSjdQK9lFPxAEYZgFsE4RbQ=",
      "dev": true
    },
    "gulp-batch": {
      "version": "1.0.5",
      "resolved": "https://registry.npmjs.org/gulp-batch/-/gulp-batch-1.0.5.tgz",
      "integrity": "sha1-xA/JsjA2dIl7EhbYLhUYtzIX2lk=",
      "dev": true
    },
    "gulp-plumber": {
      "version": "1.1.0",
      "resolved": "https://registry.npmjs.org/gulp-plumber/-/gulp-plumber-1.1.0.tgz",
      "integrity": "sha1-8SF2wtBCL2AwbCQv/2oBo5T6ugk=",
      "dev": true
    },
    "gulp-watch": {
      "version": "4.3.11",
      "resolved": "https://registry.npmjs.org/gulp-watch/-/gulp-watch-4.3.11.tgz",
      "integrity": "sha1-Fi/FY96fx3DpH5p845VVE6mhGMA=",
      "dev": true,
      "dependencies": {
        "glob-parent": {
          "version": "3.1.0",
          "resolved": "https://registry.npmjs.org/glob-parent/-/glob-parent-3.1.0.tgz",
          "integrity": "sha1-nmr2KZ2NO9K9QEMIMr0RPfkGxa4="
        },
        "is-extglob": {
          "version": "2.1.1",
          "resolved": "https://registry.npmjs.org/is-extglob/-/is-extglob-2.1.1.tgz",
          "integrity": "sha1-qIwCU1eR8C7TfHahueqXc8gz+MI="
        },
        "is-glob": {
          "version": "3.1.0",
          "resolved": "https://registry.npmjs.org/is-glob/-/is-glob-3.1.0.tgz",
          "integrity": "sha1-e6WuJCF4BKxwcHuWkiVnSGzD6Eo="
        },
        "isarray": {
          "version": "1.0.0",
          "resolved": "https://registry.npmjs.org/isarray/-/isarray-1.0.0.tgz",
          "integrity": "sha1-u5NdSFgsuhaMBoNJV6VKPgcSTxE="
        },
        "object-assign": {
          "version": "4.1.1",
          "resolved": "https://registry.npmjs.org/object-assign/-/object-assign-4.1.1.tgz",
          "integrity": "sha1-IQmtx5ZYh8/AXLvUQsrIv7s2CGM="
        },
        "readable-stream": {
          "version": "2.3.3",
          "resolved": "https://registry.npmjs.org/readable-stream/-/readable-stream-2.3.3.tgz",
          "integrity": "sha512-m+qzzcn7KUxEmd1gMbchF+Y2eIUbieUaxkWtptyHywrX0rE8QEYqPC07Vuy4Wm32/xE16NcdBctb8S0Xe/5IeQ=="
        },
        "string_decoder": {
          "version": "1.0.3",
          "resolved": "https://registry.npmjs.org/string_decoder/-/string_decoder-1.0.3.tgz",
          "integrity": "sha512-4AH6Z5fzNNBcH+6XDMfA/BTt87skxqJlO0lAh3Dker5zThcAxG6mKz+iGu308UKoPPQ8Dcqx/4JhujzltRa+hQ=="
        },
        "vinyl": {
          "version": "1.2.0",
          "resolved": "https://registry.npmjs.org/vinyl/-/vinyl-1.2.0.tgz",
          "integrity": "sha1-XIgDbPVl5d8FVYv8kR+GVt8hiIQ="
        }
      }
    },
    "gulp.spritesmith": {
      "version": "6.5.0",
      "resolved": "https://registry.npmjs.org/gulp.spritesmith/-/gulp.spritesmith-6.5.0.tgz",
      "integrity": "sha1-RC6R417lyQoMoFgT2HgYBwhkAr0=",
      "dev": true,
      "dependencies": {
        "minimatch": {
          "version": "3.0.4",
          "resolved": "https://registry.npmjs.org/minimatch/-/minimatch-3.0.4.tgz",
          "integrity": "sha512-yJHVQEhyqPLUTgt9B83PXu6W3rx4MvvHvSUvToogpwoGDOUQ+yDrR0HRot+yOCdCO7u4hX3pWft6kWBBcqh0UA=="
        }
      }
    },
    "pixel-glass": {
      "version": "1.0.13",
      "resolved": "https://registry.npmjs.org/pixel-glass/-/pixel-glass-1.0.13.tgz",
      "integrity": "sha1-xWl2Ts3SoV2m3qmM8WjvC/AHNqs="
    }
  }
}
